
Microsoft Visual Studio Solution File, Format Version 12.00
# Visual Studio Version 17
VisualStudioVersion = 17.11.35208.52
MinimumVisualStudioVersion = 10.0.40219.1
Project("{FAE04EC0-301F-11D3-BF4B-00C04F79EFBC}") = "client", "client\client.csproj", "{6014F5B9-0356-471A-B0AE-9EF6504025E1}"
EndProject
Global
	GlobalSection(SolutionConfigurationPlatforms) = preSolution
		Debug|Any CPU = Debug|Any CPU
		Release|Any CPU = Release|Any CPU
	EndGlobalSection
	GlobalSection(ProjectConfigurationPlatforms) = postSolution
		{6014F5B9-0356-471A-B0AE-9EF6504025E1}.Debug|Any CPU.ActiveCfg = Debug|Any CPU
		{6014F5B9-0356-471A-B0AE-9EF6504025E1}.Debug|Any CPU.Build.0 = Debug|Any CPU
		{6014F5B9-0356-471A-B0AE-9EF6504025E1}.Release|Any CPU.ActiveCfg = Release|Any CPU
		{6014F5B9-0356-471A-B0AE-9EF6504025E1}.Release|Any CPU.Build.0 = Release|Any CPU
	EndGlobalSection
	GlobalSection(SolutionProperties) = preSolution
		HideSolutionNode = FALSE
	EndGlobalSection
	GlobalSection(ExtensibilityGlobals) = postSolution
		SolutionGuid = {921764DA-5264-43F9-AD98-51CEF61DF1D6}
	EndGlobalSection
EndGlobal
